// !$*UTF8*$!
{
	archiveVersion = 1;
	classes = {
	};
	objectVersion = 56;
	objects = {

/* Begin PBXBuildFile section */
		5A25C677788CA6595B8BA2BE /* Pods_Foodilicious.framework in Frameworks */ = {isa = PBXBuildFile; fileRef = 7410B04FD07A091F395D7123 /* Pods_Foodilicious.framework */; };
		DD4F5F382972EEDD008EA29E /* AppDelegate.swift in Sources */ = {isa = PBXBuildFile; fileRef = DD4F5F372972EEDD008EA29E /* AppDelegate.swift */; };
		DD4F5F3A2972EEDD008EA29E /* SceneDelegate.swift in Sources */ = {isa = PBXBuildFile; fileRef = DD4F5F392972EEDD008EA29E /* SceneDelegate.swift */; };
		DD4F5F3F2972EEDD008EA29E /* Main.storyboard in Resources */ = {isa = PBXBuildFile; fileRef = DD4F5F3D2972EEDD008EA29E /* Main.storyboard */; };
		DD4F5F412972EEDE008EA29E /* Assets.xcassets in Resources */ = {isa = PBXBuildFile; fileRef = DD4F5F402972EEDE008EA29E /* Assets.xcassets */; };
		DD4F5F442972EEDE008EA29E /* LaunchScreen.storyboard in Resources */ = {isa = PBXBuildFile; fileRef = DD4F5F422972EEDE008EA29E /* LaunchScreen.storyboard */; };
		DD4F5F8C297EE0F4008EA29E /* OnboardingViewController.swift in Sources */ = {isa = PBXBuildFile; fileRef = DD4F5F8B297EE0F4008EA29E /* OnboardingViewController.swift */; };
		DD4F5F8F297EE3DD008EA29E /* UIView+Ext.swift in Sources */ = {isa = PBXBuildFile; fileRef = DD4F5F8E297EE3DD008EA29E /* UIView+Ext.swift */; };
		DD4F5F91297EE484008EA29E /* OnboardingSlide.swift in Sources */ = {isa = PBXBuildFile; fileRef = DD4F5F90297EE484008EA29E /* OnboardingSlide.swift */; };
		DD4F5F93297EE6CA008EA29E /* OnboardingCollectionViewCell.swift in Sources */ = {isa = PBXBuildFile; fileRef = DD4F5F92297EE6CA008EA29E /* OnboardingCollectionViewCell.swift */; };
		DDAE2EE829806FCA00A68B82 /* HomeViewController.swift in Sources */ = {isa = PBXBuildFile; fileRef = DDAE2EE729806FCA00A68B82 /* HomeViewController.swift */; };
		DDBBACB02982B0930044AD0D /* CategoryCollectionViewCell.swift in Sources */ = {isa = PBXBuildFile; fileRef = DDBBACAE2982B0930044AD0D /* CategoryCollectionViewCell.swift */; };
		DDBBACB12982B0930044AD0D /* CategoryCollectionViewCell.xib in Resources */ = {isa = PBXBuildFile; fileRef = DDBBACAF2982B0930044AD0D /* CategoryCollectionViewCell.xib */; };
		DDBBACB32982B3210044AD0D /* DishCategory.swift in Sources */ = {isa = PBXBuildFile; fileRef = DDBBACB22982B3210044AD0D /* DishCategory.swift */; };
		DDBBACB52982B4BB0044AD0D /* String+Ext.swift in Sources */ = {isa = PBXBuildFile; fileRef = DDBBACB42982B4BB0044AD0D /* String+Ext.swift */; };
		DDBBACB82982B8170044AD0D /* CardView.swift in Sources */ = {isa = PBXBuildFile; fileRef = DDBBACB72982B8170044AD0D /* CardView.swift */; };
		DDBBACBC2982BBBD0044AD0D /* DishPotraitCollectionViewCell.swift in Sources */ = {isa = PBXBuildFile; fileRef = DDBBACBA2982BBBD0044AD0D /* DishPotraitCollectionViewCell.swift */; };
		DDBBACBD2982BBBD0044AD0D /* DishPotraitCollectionViewCell.xib in Resources */ = {isa = PBXBuildFile; fileRef = DDBBACBB2982BBBD0044AD0D /* DishPotraitCollectionViewCell.xib */; };
		DDBBACBF2982BD740044AD0D /* Dish.swift in Sources */ = {isa = PBXBuildFile; fileRef = DDBBACBE2982BD740044AD0D /* Dish.swift */; };
		DDBBACC32982D9950044AD0D /* DishLandscapeCollectionViewCell.swift in Sources */ = {isa = PBXBuildFile; fileRef = DDBBACC12982D9950044AD0D /* DishLandscapeCollectionViewCell.swift */; };
		DDBBACC42982D9950044AD0D /* DishLandscapeCollectionViewCell.xib in Resources */ = {isa = PBXBuildFile; fileRef = DDBBACC22982D9950044AD0D /* DishLandscapeCollectionViewCell.xib */; };
		DDBBACC7298409730044AD0D /* DishDetailViewController.swift in Sources */ = {isa = PBXBuildFile; fileRef = DDBBACC6298409730044AD0D /* DishDetailViewController.swift */; };
/* End PBXBuildFile section */

/* Begin PBXFileReference section */
		2A2ED281A6130B53379025A0 /* Pods-Foodilicious.debug.xcconfig */ = {isa = PBXFileReference; includeInIndex = 1; lastKnownFileType = text.xcconfig; name = "Pods-Foodilicious.debug.xcconfig"; path = "Target Support Files/Pods-Foodilicious/Pods-Foodilicious.debug.xcconfig"; sourceTree = "<group>"; };
		7410B04FD07A091F395D7123 /* Pods_Foodilicious.framework */ = {isa = PBXFileReference; explicitFileType = wrapper.framework; includeInIndex = 0; path = Pods_Foodilicious.framework; sourceTree = BUILT_PRODUCTS_DIR; };
		8C9E994DCC88C818898B0B71 /* Pods-Foodilicious.release.xcconfig */ = {isa = PBXFileReference; includeInIndex = 1; lastKnownFileType = text.xcconfig; name = "Pods-Foodilicious.release.xcconfig"; path = "Target Support Files/Pods-Foodilicious/Pods-Foodilicious.release.xcconfig"; sourceTree = "<group>"; };
		DD4F5F342972EEDD008EA29E /* Foodilicious.app */ = {isa = PBXFileReference; explicitFileType = wrapper.application; includeInIndex = 0; path = Foodilicious.app; sourceTree = BUILT_PRODUCTS_DIR; };
		DD4F5F372972EEDD008EA29E /* AppDelegate.swift */ = {isa = PBXFileReference; lastKnownFileType = sourcecode.swift; path = AppDelegate.swift; sourceTree = "<group>"; };
		DD4F5F392972EEDD008EA29E /* SceneDelegate.swift */ = {isa = PBXFileReference; lastKnownFileType = sourcecode.swift; path = SceneDelegate.swift; sourceTree = "<group>"; };
		DD4F5F3E2972EEDD008EA29E /* Base */ = {isa = PBXFileReference; lastKnownFileType = file.storyboard; name = Base; path = Base.lproj/Main.storyboard; sourceTree = "<group>"; };
		DD4F5F402972EEDE008EA29E /* Assets.xcassets */ = {isa = PBXFileReference; lastKnownFileType = folder.assetcatalog; path = Assets.xcassets; sourceTree = "<group>"; };
		DD4F5F432972EEDE008EA29E /* Base */ = {isa = PBXFileReference; lastKnownFileType = file.storyboard; name = Base; path = Base.lproj/LaunchScreen.storyboard; sourceTree = "<group>"; };
		DD4F5F452972EEDE008EA29E /* Info.plist */ = {isa = PBXFileReference; lastKnownFileType = text.plist.xml; path = Info.plist; sourceTree = "<group>"; };
		DD4F5F8B297EE0F4008EA29E /* OnboardingViewController.swift */ = {isa = PBXFileReference; lastKnownFileType = sourcecode.swift; path = OnboardingViewController.swift; sourceTree = "<group>"; };
		DD4F5F8E297EE3DD008EA29E /* UIView+Ext.swift */ = {isa = PBXFileReference; lastKnownFileType = sourcecode.swift; path = "UIView+Ext.swift"; sourceTree = "<group>"; };
		DD4F5F90297EE484008EA29E /* OnboardingSlide.swift */ = {isa = PBXFileReference; lastKnownFileType = sourcecode.swift; path = OnboardingSlide.swift; sourceTree = "<group>"; };
		DD4F5F92297EE6CA008EA29E /* OnboardingCollectionViewCell.swift */ = {isa = PBXFileReference; lastKnownFileType = sourcecode.swift; path = OnboardingCollectionViewCell.swift; sourceTree = "<group>"; };
		DDAE2EE729806FCA00A68B82 /* HomeViewController.swift */ = {isa = PBXFileReference; lastKnownFileType = sourcecode.swift; path = HomeViewController.swift; sourceTree = "<group>"; };
		DDBBACAE2982B0930044AD0D /* CategoryCollectionViewCell.swift */ = {isa = PBXFileReference; lastKnownFileType = sourcecode.swift; path = CategoryCollectionViewCell.swift; sourceTree = "<group>"; };
		DDBBACAF2982B0930044AD0D /* CategoryCollectionViewCell.xib */ = {isa = PBXFileReference; lastKnownFileType = file.xib; path = CategoryCollectionViewCell.xib; sourceTree = "<group>"; };
		DDBBACB22982B3210044AD0D /* DishCategory.swift */ = {isa = PBXFileReference; lastKnownFileType = sourcecode.swift; path = DishCategory.swift; sourceTree = "<group>"; };
		DDBBACB42982B4BB0044AD0D /* String+Ext.swift */ = {isa = PBXFileReference; lastKnownFileType = sourcecode.swift; path = "String+Ext.swift"; sourceTree = "<group>"; };
		DDBBACB72982B8170044AD0D /* CardView.swift */ = {isa = PBXFileReference; lastKnownFileType = sourcecode.swift; path = CardView.swift; sourceTree = "<group>"; };
		DDBBACBA2982BBBD0044AD0D /* DishPotraitCollectionViewCell.swift */ = {isa = PBXFileReference; lastKnownFileType = sourcecode.swift; path = DishPotraitCollectionViewCell.swift; sourceTree = "<group>"; };
		DDBBACBB2982BBBD0044AD0D /* DishPotraitCollectionViewCell.xib */ = {isa = PBXFileReference; lastKnownFileType = file.xib; path = DishPotraitCollectionViewCell.xib; sourceTree = "<group>"; };
		DDBBACBE2982BD740044AD0D /* Dish.swift */ = {isa = PBXFileReference; lastKnownFileType = sourcecode.swift; path = Dish.swift; sourceTree = "<group>"; };
		DDBBACC12982D9950044AD0D /* DishLandscapeCollectionViewCell.swift */ = {isa = PBXFileReference; lastKnownFileType = sourcecode.swift; path = DishLandscapeCollectionViewCell.swift; sourceTree = "<group>"; };
		DDBBACC22982D9950044AD0D /* DishLandscapeCollectionViewCell.xib */ = {isa = PBXFileReference; lastKnownFileType = file.xib; path = DishLandscapeCollectionViewCell.xib; sourceTree = "<group>"; };
		DDBBACC6298409730044AD0D /* DishDetailViewController.swift */ = {isa = PBXFileReference; lastKnownFileType = sourcecode.swift; path = DishDetailViewController.swift; sourceTree = "<group>"; };
/* End PBXFileReference section */

/* Begin PBXFrameworksBuildPhase section */
		DD4F5F312972EEDD008EA29E /* Frameworks */ = {
			isa = PBXFrameworksBuildPhase;
			buildActionMask = 2147483647;
			files = (
				5A25C677788CA6595B8BA2BE /* Pods_Foodilicious.framework in Frameworks */,
			);
			runOnlyForDeploymentPostprocessing = 0;
		};
/* End PBXFrameworksBuildPhase section */

/* Begin PBXGroup section */
		65C16EC24F2D9DB2C905C35F /* Pods */ = {
			isa = PBXGroup;
			children = (
				2A2ED281A6130B53379025A0 /* Pods-Foodilicious.debug.xcconfig */,
				8C9E994DCC88C818898B0B71 /* Pods-Foodilicious.release.xcconfig */,
			);
			path = Pods;
			sourceTree = "<group>";
		};
		DD4F5F2B2972EEDD008EA29E = {
			isa = PBXGroup;
			children = (
				DD4F5F362972EEDD008EA29E /* Foodilicious */,
				DD4F5F352972EEDD008EA29E /* Products */,
				65C16EC24F2D9DB2C905C35F /* Pods */,
				E79306D0CAB7655CA3082DF8 /* Frameworks */,
			);
			sourceTree = "<group>";
		};
		DD4F5F352972EEDD008EA29E /* Products */ = {
			isa = PBXGroup;
			children = (
				DD4F5F342972EEDD008EA29E /* Foodilicious.app */,
			);
			name = Products;
			sourceTree = "<group>";
		};
		DD4F5F362972EEDD008EA29E /* Foodilicious */ = {
			isa = PBXGroup;
			children = (
				DD4F5F8D297EE3C8008EA29E /* Extensions */,
				DD4F5F89297EE0C1008EA29E /* CustomViews */,
				DD4F5F88297EE0B0008EA29E /* Views */,
				DD4F5F87297EE0A4008EA29E /* Models */,
				DD4F5F372972EEDD008EA29E /* AppDelegate.swift */,
				DD4F5F392972EEDD008EA29E /* SceneDelegate.swift */,
				DD4F5F3D2972EEDD008EA29E /* Main.storyboard */,
				DD4F5F402972EEDE008EA29E /* Assets.xcassets */,
				DD4F5F422972EEDE008EA29E /* LaunchScreen.storyboard */,
				DD4F5F452972EEDE008EA29E /* Info.plist */,
			);
			path = Foodilicious;
			sourceTree = "<group>";
		};
		DD4F5F87297EE0A4008EA29E /* Models */ = {
			isa = PBXGroup;
			children = (
				DD4F5F90297EE484008EA29E /* OnboardingSlide.swift */,
				DDBBACB22982B3210044AD0D /* DishCategory.swift */,
				DDBBACBE2982BD740044AD0D /* Dish.swift */,
			);
			path = Models;
			sourceTree = "<group>";
		};
		DD4F5F88297EE0B0008EA29E /* Views */ = {
			isa = PBXGroup;
			children = (
				DDBBACC52984095E0044AD0D /* DishDetail */,
				DD4F5F9429806F0D008EA29E /* Home */,
				DD4F5F8A297EE0CE008EA29E /* Onboarding */,
			);
			path = Views;
			sourceTree = "<group>";
		};
		DD4F5F89297EE0C1008EA29E /* CustomViews */ = {
			isa = PBXGroup;
			children = (
				DDBBACB62982B8050044AD0D /* CardVew */,
				DDBBACAC2982B05B0044AD0D /* CollectionViewCells */,
			);
			path = CustomViews;
			sourceTree = "<group>";
		};
		DD4F5F8A297EE0CE008EA29E /* Onboarding */ = {
			isa = PBXGroup;
			children = (
				DD4F5F8B297EE0F4008EA29E /* OnboardingViewController.swift */,
				DD4F5F92297EE6CA008EA29E /* OnboardingCollectionViewCell.swift */,
			);
			path = Onboarding;
			sourceTree = "<group>";
		};
		DD4F5F8D297EE3C8008EA29E /* Extensions */ = {
			isa = PBXGroup;
			children = (
				DD4F5F8E297EE3DD008EA29E /* UIView+Ext.swift */,
				DDBBACB42982B4BB0044AD0D /* String+Ext.swift */,
			);
			path = Extensions;
			sourceTree = "<group>";
		};
		DD4F5F9429806F0D008EA29E /* Home */ = {
			isa = PBXGroup;
			children = (
				DDAE2EE729806FCA00A68B82 /* HomeViewController.swift */,
			);
			path = Home;
			sourceTree = "<group>";
		};
		DDBBACAC2982B05B0044AD0D /* CollectionViewCells */ = {
			isa = PBXGroup;
			children = (
				DDBBACC02982D9680044AD0D /* DishLandscapeCollectionViewCell */,
				DDBBACB92982BB960044AD0D /* DishPotraitCollectionViewCell */,
				DDBBACAD2982B06C0044AD0D /* CategoryCollectionViewCell */,
			);
			path = CollectionViewCells;
			sourceTree = "<group>";
		};
		DDBBACAD2982B06C0044AD0D /* CategoryCollectionViewCell */ = {
			isa = PBXGroup;
			children = (
				DDBBACAE2982B0930044AD0D /* CategoryCollectionViewCell.swift */,
				DDBBACAF2982B0930044AD0D /* CategoryCollectionViewCell.xib */,
			);
			path = CategoryCollectionViewCell;
			sourceTree = "<group>";
		};
		DDBBACB62982B8050044AD0D /* CardVew */ = {
			isa = PBXGroup;
			children = (
				DDBBACB72982B8170044AD0D /* CardView.swift */,
			);
			path = CardVew;
			sourceTree = "<group>";
		};
		DDBBACB92982BB960044AD0D /* DishPotraitCollectionViewCell */ = {
			isa = PBXGroup;
			children = (
				DDBBACBA2982BBBD0044AD0D /* DishPotraitCollectionViewCell.swift */,
				DDBBACBB2982BBBD0044AD0D /* DishPotraitCollectionViewCell.xib */,
			);
			path = DishPotraitCollectionViewCell;
			sourceTree = "<group>";
		};
		DDBBACC02982D9680044AD0D /* DishLandscapeCollectionViewCell */ = {
			isa = PBXGroup;
			children = (
				DDBBACC12982D9950044AD0D /* DishLandscapeCollectionViewCell.swift */,
				DDBBACC22982D9950044AD0D /* DishLandscapeCollectionViewCell.xib */,
			);
			path = DishLandscapeCollectionViewCell;
			sourceTree = "<group>";
		};
		DDBBACC52984095E0044AD0D /* DishDetail */ = {
			isa = PBXGroup;
			children = (
				DDBBACC6298409730044AD0D /* DishDetailViewController.swift */,
			);
			path = DishDetail;
			sourceTree = "<group>";
		};
		E79306D0CAB7655CA3082DF8 /* Frameworks */ = {
			isa = PBXGroup;
			children = (
				7410B04FD07A091F395D7123 /* Pods_Foodilicious.framework */,
			);
			name = Frameworks;
			sourceTree = "<group>";
		};
/* End PBXGroup section */

/* Begin PBXNativeTarget section */
		DD4F5F332972EEDD008EA29E /* Foodilicious */ = {
			isa = PBXNativeTarget;
			buildConfigurationList = DD4F5F482972EEDE008EA29E /* Build configuration list for PBXNativeTarget "Foodilicious" */;
			buildPhases = (
				E292825686CC4702D75FB392 /* [CP] Check Pods Manifest.lock */,
				DD4F5F302972EEDD008EA29E /* Sources */,
				DD4F5F312972EEDD008EA29E /* Frameworks */,
				DD4F5F322972EEDD008EA29E /* Resources */,
				2A05C7ADA5AA13CBBFC2C2D0 /* [CP] Embed Pods Frameworks */,
			);
			buildRules = (
			);
			dependencies = (
			);
			name = Foodilicious;
			productName = Foodilicious;
			productReference = DD4F5F342972EEDD008EA29E /* Foodilicious.app */;
			productType = "com.apple.product-type.application";
		};
/* End PBXNativeTarget section */

/* Begin PBXProject section */
		DD4F5F2C2972EEDD008EA29E /* Project object */ = {
			isa = PBXProject;
			attributes = {
				BuildIndependentTargetsInParallel = 1;
				LastSwiftUpdateCheck = 1400;
				LastUpgradeCheck = 1400;
				TargetAttributes = {
					DD4F5F332972EEDD008EA29E = {
						CreatedOnToolsVersion = 14.0.1;
					};
				};
			};
			buildConfigurationList = DD4F5F2F2972EEDD008EA29E /* Build configuration list for PBXProject "Foodilicious" */;
			compatibilityVersion = "Xcode 14.0";
			developmentRegion = en;
			hasScannedForEncodings = 0;
			knownRegions = (
				en,
				Base,
			);
			mainGroup = DD4F5F2B2972EEDD008EA29E;
			productRefGroup = DD4F5F352972EEDD008EA29E /* Products */;
			projectDirPath = "";
			projectRoot = "";
			targets = (
				DD4F5F332972EEDD008EA29E /* Foodilicious */,
			);
		};
/* End PBXProject section */

/* Begin PBXResourcesBuildPhase section */
		DD4F5F322972EEDD008EA29E /* Resources */ = {
			isa = PBXResourcesBuildPhase;
			buildActionMask = 2147483647;
			files = (
				DDBBACB12982B0930044AD0D /* CategoryCollectionViewCell.xib in Resources */,
				DDBBACBD2982BBBD0044AD0D /* DishPotraitCollectionViewCell.xib in Resources */,
				DD4F5F442972EEDE008EA29E /* LaunchScreen.storyboard in Resources */,
				DD4F5F412972EEDE008EA29E /* Assets.xcassets in Resources */,
				DDBBACC42982D9950044AD0D /* DishLandscapeCollectionViewCell.xib in Resources */,
				DD4F5F3F2972EEDD008EA29E /* Main.storyboard in Resources */,
			);
			runOnlyForDeploymentPostprocessing = 0;
		};
/* End PBXResourcesBuildPhase section */

/* Begin PBXShellScriptBuildPhase section */
		2A05C7ADA5AA13CBBFC2C2D0 /* [CP] Embed Pods Frameworks */ = {
			isa = PBXShellScriptBuildPhase;
			buildActionMask = 2147483647;
			files = (
			);
			inputFileListPaths = (
				"${PODS_ROOT}/Target Support Files/Pods-Foodilicious/Pods-Foodilicious-frameworks-${CONFIGURATION}-input-files.xcfilelist",
			);
			name = "[CP] Embed Pods Frameworks";
			outputFileListPaths = (
				"${PODS_ROOT}/Target Support Files/Pods-Foodilicious/Pods-Foodilicious-frameworks-${CONFIGURATION}-output-files.xcfilelist",
			);
			runOnlyForDeploymentPostprocessing = 0;
			shellPath = /bin/sh;
			shellScript = "\"${PODS_ROOT}/Target Support Files/Pods-Foodilicious/Pods-Foodilicious-frameworks.sh\"\n";
			showEnvVarsInLog = 0;
		};
		E292825686CC4702D75FB392 /* [CP] Check Pods Manifest.lock */ = {
			isa = PBXShellScriptBuildPhase;
			buildActionMask = 2147483647;
			files = (
			);
			inputFileListPaths = (
			);
			inputPaths = (
				"${PODS_PODFILE_DIR_PATH}/Podfile.lock",
				"${PODS_ROOT}/Manifest.lock",
			);
			name = "[CP] Check Pods Manifest.lock";
			outputFileListPaths = (
			);
			outputPaths = (
				"$(DERIVED_FILE_DIR)/Pods-Foodilicious-checkManifestLockResult.txt",
			);
			runOnlyForDeploymentPostprocessing = 0;
			shellPath = /bin/sh;
			shellScript = "diff \"${PODS_PODFILE_DIR_PATH}/Podfile.lock\" \"${PODS_ROOT}/Manifest.lock\" > /dev/null\nif [ $? != 0 ] ; then\n    # print error to STDERR\n    echo \"error: The sandbox is not in sync with the Podfile.lock. Run 'pod install' or update your CocoaPods installation.\" >&2\n    exit 1\nfi\n# This output is used by Xcode 'outputs' to avoid re-running this script phase.\necho \"SUCCESS\" > \"${SCRIPT_OUTPUT_FILE_0}\"\n";
			showEnvVarsInLog = 0;
		};
/* End PBXShellScriptBuildPhase section */

/* Begin PBXSourcesBuildPhase section */
		DD4F5F302972EEDD008EA29E /* Sources */ = {
			isa = PBXSourcesBuildPhase;
			buildActionMask = 2147483647;
			files = (
				DDBBACBC2982BBBD0044AD0D /* DishPotraitCollectionViewCell.swift in Sources */,
				DDBBACB02982B0930044AD0D /* CategoryCollectionViewCell.swift in Sources */,
				DD4F5F91297EE484008EA29E /* OnboardingSlide.swift in Sources */,
				DD4F5F8F297EE3DD008EA29E /* UIView+Ext.swift in Sources */,
				DD4F5F382972EEDD008EA29E /* AppDelegate.swift in Sources */,
				DD4F5F3A2972EEDD008EA29E /* SceneDelegate.swift in Sources */,
				DDBBACC7298409730044AD0D /* DishDetailViewController.swift in Sources */,
				DD4F5F8C297EE0F4008EA29E /* OnboardingViewController.swift in Sources */,
				DDAE2EE829806FCA00A68B82 /* HomeViewController.swift in Sources */,
				DDBBACC32982D9950044AD0D /* DishLandscapeCollectionViewCell.swift in Sources */,
				DDBBACB32982B3210044AD0D /* DishCategory.swift in Sources */,
				DDBBACB52982B4BB0044AD0D /* String+Ext.swift in Sources */,
				DDBBACB82982B8170044AD0D /* CardView.swift in Sources */,
				DDBBACBF2982BD740044AD0D /* Dish.swift in Sources */,
				DD4F5F93297EE6CA008EA29E /* OnboardingCollectionViewCell.swift in Sources */,
			);
			runOnlyForDeploymentPostprocessing = 0;
		};
/* End PBXSourcesBuildPhase section */

/* Begin PBXVariantGroup section */
		DD4F5F3D2972EEDD008EA29E /* Main.storyboard */ = {
			isa = PBXVariantGroup;
			children = (
				DD4F5F3E2972EEDD008EA29E /* Base */,
			);
			name = Main.storyboard;
			sourceTree = "<group>";
		};
		DD4F5F422972EEDE008EA29E /* LaunchScreen.storyboard */ = {
			isa = PBXVariantGroup;
			children = (
				DD4F5F432972EEDE008EA29E /* Base */,
			);
			name = LaunchScreen.storyboard;
			sourceTree = "<group>";
		};
/* End PBXVariantGroup section */

/* Begin XCBuildConfiguration section */
		DD4F5F462972EEDE008EA29E /* Debug */ = {
			isa = XCBuildConfiguration;
			buildSettings = {
				ALWAYS_SEARCH_USER_PATHS = NO;
				CLANG_ANALYZER_NONNULL = YES;
				CLANG_ANALYZER_NUMBER_OBJECT_CONVERSION = YES_AGGRESSIVE;
				CLANG_CXX_LANGUAGE_STANDARD = "gnu++20";
				CLANG_ENABLE_MODULES = YES;
				CLANG_ENABLE_OBJC_ARC = YES;
				CLANG_ENABLE_OBJC_WEAK = YES;
				CLANG_WARN_BLOCK_CAPTURE_AUTORELEASING = YES;
				CLANG_WARN_BOOL_CONVERSION = YES;
				CLANG_WARN_COMMA = YES;
				CLANG_WARN_CONSTANT_CONVERSION = YES;
				CLANG_WARN_DEPRECATED_OBJC_IMPLEMENTATIONS = YES;
				CLANG_WARN_DIRECT_OBJC_ISA_USAGE = YES_ERROR;
				CLANG_WARN_DOCUMENTATION_COMMENTS = YES;
				CLANG_WARN_EMPTY_BODY = YES;
				CLANG_WARN_ENUM_CONVERSION = YES;
				CLANG_WARN_INFINITE_RECURSION = YES;
				CLANG_WARN_INT_CONVERSION = YES;
				CLANG_WARN_NON_LITERAL_NULL_CONVERSION = YES;
				CLANG_WARN_OBJC_IMPLICIT_RETAIN_SELF = YES;
				CLANG_WARN_OBJC_LITERAL_CONVERSION = YES;
				CLANG_WARN_OBJC_ROOT_CLASS = YES_ERROR;
				CLANG_WARN_QUOTED_INCLUDE_IN_FRAMEWORK_HEADER = YES;
				CLANG_WARN_RANGE_LOOP_ANALYSIS = YES;
				CLANG_WARN_STRICT_PROTOTYPES = YES;
				CLANG_WARN_SUSPICIOUS_MOVE = YES;
				CLANG_WARN_UNGUARDED_AVAILABILITY = YES_AGGRESSIVE;
				CLANG_WARN_UNREACHABLE_CODE = YES;
				CLANG_WARN__DUPLICATE_METHOD_MATCH = YES;
				COPY_PHASE_STRIP = NO;
				DEBUG_INFORMATION_FORMAT = dwarf;
				ENABLE_STRICT_OBJC_MSGSEND = YES;
				ENABLE_TESTABILITY = YES;
				GCC_C_LANGUAGE_STANDARD = gnu11;
				GCC_DYNAMIC_NO_PIC = NO;
				GCC_NO_COMMON_BLOCKS = YES;
				GCC_OPTIMIZATION_LEVEL = 0;
				GCC_PREPROCESSOR_DEFINITIONS = (
					"DEBUG=1",
					"$(inherited)",
				);
				GCC_WARN_64_TO_32_BIT_CONVERSION = YES;
				GCC_WARN_ABOUT_RETURN_TYPE = YES_ERROR;
				GCC_WARN_UNDECLARED_SELECTOR = YES;
				GCC_WARN_UNINITIALIZED_AUTOS = YES_AGGRESSIVE;
				GCC_WARN_UNUSED_FUNCTION = YES;
				GCC_WARN_UNUSED_VARIABLE = YES;
				IPHONEOS_DEPLOYMENT_TARGET = 16.0;
				MTL_ENABLE_DEBUG_INFO = INCLUDE_SOURCE;
				MTL_FAST_MATH = YES;
				ONLY_ACTIVE_ARCH = YES;
				SDKROOT = iphoneos;
				SWIFT_ACTIVE_COMPILATION_CONDITIONS = DEBUG;
				SWIFT_OPTIMIZATION_LEVEL = "-Onone";
			};
			name = Debug;
		};
		DD4F5F472972EEDE008EA29E /* Release */ = {
			isa = XCBuildConfiguration;
			buildSettings = {
				ALWAYS_SEARCH_USER_PATHS = NO;
				CLANG_ANALYZER_NONNULL = YES;
				CLANG_ANALYZER_NUMBER_OBJECT_CONVERSION = YES_AGGRESSIVE;
				CLANG_CXX_LANGUAGE_STANDARD = "gnu++20";
				CLANG_ENABLE_MODULES = YES;
				CLANG_ENABLE_OBJC_ARC = YES;
				CLANG_ENABLE_OBJC_WEAK = YES;
				CLANG_WARN_BLOCK_CAPTURE_AUTORELEASING = YES;
				CLANG_WARN_BOOL_CONVERSION = YES;
				CLANG_WARN_COMMA = YES;
				CLANG_WARN_CONSTANT_CONVERSION = YES;
				CLANG_WARN_DEPRECATED_OBJC_IMPLEMENTATIONS = YES;
				CLANG_WARN_DIRECT_OBJC_ISA_USAGE = YES_ERROR;
				CLANG_WARN_DOCUMENTATION_COMMENTS = YES;
				CLANG_WARN_EMPTY_BODY = YES;
				CLANG_WARN_ENUM_CONVERSION = YES;
				CLANG_WARN_INFINITE_RECURSION = YES;
				CLANG_WARN_INT_CONVERSION = YES;
				CLANG_WARN_NON_LITERAL_NULL_CONVERSION = YES;
				CLANG_WARN_OBJC_IMPLICIT_RETAIN_SELF = YES;
				CLANG_WARN_OBJC_LITERAL_CONVERSION = YES;
				CLANG_WARN_OBJC_ROOT_CLASS = YES_ERROR;
				CLANG_WARN_QUOTED_INCLUDE_IN_FRAMEWORK_HEADER = YES;
				CLANG_WARN_RANGE_LOOP_ANALYSIS = YES;
				CLANG_WARN_STRICT_PROTOTYPES = YES;
				CLANG_WARN_SUSPICIOUS_MOVE = YES;
				CLANG_WARN_UNGUARDED_AVAILABILITY = YES_AGGRESSIVE;
				CLANG_WARN_UNREACHABLE_CODE = YES;
				CLANG_WARN__DUPLICATE_METHOD_MATCH = YES;
				COPY_PHASE_STRIP = NO;
				DEBUG_INFORMATION_FORMAT = "dwarf-with-dsym";
				ENABLE_NS_ASSERTIONS = NO;
				ENABLE_STRICT_OBJC_MSGSEND = YES;
				GCC_C_LANGUAGE_STANDARD = gnu11;
				GCC_NO_COMMON_BLOCKS = YES;
				GCC_WARN_64_TO_32_BIT_CONVERSION = YES;
				GCC_WARN_ABOUT_RETURN_TYPE = YES_ERROR;
				GCC_WARN_UNDECLARED_SELECTOR = YES;
				GCC_WARN_UNINITIALIZED_AUTOS = YES_AGGRESSIVE;
				GCC_WARN_UNUSED_FUNCTION = YES;
				GCC_WARN_UNUSED_VARIABLE = YES;
				IPHONEOS_DEPLOYMENT_TARGET = 16.0;
				MTL_ENABLE_DEBUG_INFO = NO;
				MTL_FAST_MATH = YES;
				SDKROOT = iphoneos;
				SWIFT_COMPILATION_MODE = wholemodule;
				SWIFT_OPTIMIZATION_LEVEL = "-O";
				VALIDATE_PRODUCT = YES;
			};
			name = Release;
		};
		DD4F5F492972EEDE008EA29E /* Debug */ = {
			isa = XCBuildConfiguration;
			baseConfigurationReference = 2A2ED281A6130B53379025A0 /* Pods-Foodilicious.debug.xcconfig */;
			buildSettings = {
				ASSETCATALOG_COMPILER_APPICON_NAME = AppIcon;
				ASSETCATALOG_COMPILER_GLOBAL_ACCENT_COLOR_NAME = AccentColor;
				CODE_SIGN_STYLE = Automatic;
				CURRENT_PROJECT_VERSION = 1;
				DEVELOPMENT_TEAM = DC2CCCCLGJ;
				GENERATE_INFOPLIST_FILE = YES;
				INFOPLIST_FILE = Foodilicious/Info.plist;
				INFOPLIST_KEY_UIApplicationSupportsIndirectInputEvents = YES;
				INFOPLIST_KEY_UILaunchStoryboardName = LaunchScreen;
				INFOPLIST_KEY_UIMainStoryboardFile = Main;
				INFOPLIST_KEY_UISupportedInterfaceOrientations_iPad = "UIInterfaceOrientationPortrait UIInterfaceOrientationPortraitUpsideDown UIInterfaceOrientationLandscapeLeft UIInterfaceOrientationLandscapeRight";
				INFOPLIST_KEY_UISupportedInterfaceOrientations_iPhone = "UIInterfaceOrientationPortrait UIInterfaceOrientationLandscapeLeft UIInterfaceOrientationLandscapeRight";
				LD_RUNPATH_SEARCH_PATHS = (
					"$(inherited)",
					"@executable_path/Frameworks",
				);
				MARKETING_VERSION = 1.0;
				PRODUCT_BUNDLE_IDENTIFIER = com.aligorkemaksoz.Foodilicious;
				PRODUCT_NAME = "$(TARGET_NAME)";
				SWIFT_EMIT_LOC_STRINGS = YES;
				SWIFT_VERSION = 5.0;
				TARGETED_DEVICE_FAMILY = "1,2";
			};
			name = Debug;
		};
		DD4F5F4A2972EEDE008EA29E /* Release */ = {
			isa = XCBuildConfiguration;
			baseConfigurationReference = 8C9E994DCC88C818898B0B71 /* Pods-Foodilicious.release.xcconfig */;
			buildSettings = {
				ASSETCATALOG_COMPILER_APPICON_NAME = AppIcon;
				ASSETCATALOG_COMPILER_GLOBAL_ACCENT_COLOR_NAME = AccentColor;
				CODE_SIGN_STYLE = Automatic;
				CURRENT_PROJECT_VERSION = 1;
				DEVELOPMENT_TEAM = DC2CCCCLGJ;
				GENERATE_INFOPLIST_FILE = YES;
				INFOPLIST_FILE = Foodilicious/Info.plist;
				INFOPLIST_KEY_UIApplicationSupportsIndirectInputEvents = YES;
				INFOPLIST_KEY_UILaunchStoryboardName = LaunchScreen;
				INFOPLIST_KEY_UIMainStoryboardFile = Main;
				INFOPLIST_KEY_UISupportedInterfaceOrientations_iPad = "UIInterfaceOrientationPortrait UIInterfaceOrientationPortraitUpsideDown UIInterfaceOrientationLandscapeLeft UIInterfaceOrientationLandscapeRight";
				INFOPLIST_KEY_UISupportedInterfaceOrientations_iPhone = "UIInterfaceOrientationPortrait UIInterfaceOrientationLandscapeLeft UIInterfaceOrientationLandscapeRight";
				LD_RUNPATH_SEARCH_PATHS = (
					"$(inherited)",
					"@executable_path/Frameworks",
				);
				MARKETING_VERSION = 1.0;
				PRODUCT_BUNDLE_IDENTIFIER = com.aligorkemaksoz.Foodilicious;
				PRODUCT_NAME = "$(TARGET_NAME)";
				SWIFT_EMIT_LOC_STRINGS = YES;
				SWIFT_VERSION = 5.0;
				TARGETED_DEVICE_FAMILY = "1,2";
			};
			name = Release;
		};
/* End XCBuildConfiguration section */

/* Begin XCConfigurationList section */
		DD4F5F2F2972EEDD008EA29E /* Build configuration list for PBXProject "Foodilicious" */ = {
			isa = XCConfigurationList;
			buildConfigurations = (
				DD4F5F462972EEDE008EA29E /* Debug */,
				DD4F5F472972EEDE008EA29E /* Release */,
			);
			defaultConfigurationIsVisible = 0;
			defaultConfigurationName = Release;
		};
		DD4F5F482972EEDE008EA29E /* Build configuration list for PBXNativeTarget "Foodilicious" */ = {
			isa = XCConfigurationList;
			buildConfigurations = (
				DD4F5F492972EEDE008EA29E /* Debug */,
				DD4F5F4A2972EEDE008EA29E /* Release */,
			);
			defaultConfigurationIsVisible = 0;
			defaultConfigurationName = Release;
		};
/* End XCConfigurationList section */
	};
	rootObject = DD4F5F2C2972EEDD008EA29E /* Project object */;
}
